
Microsoft Visual Studio Solution File, Format Version 11.00
# Visual Studio 2010
Project("{FAE04EC0-301F-11D3-BF4B-00C04F79EFBC}") = "PhotonChat", "PhotonChat.csproj", "{2ceb2fee-10d7-78cd-0efa-bebecb109450}"
EndProject
Project("{FAE04EC0-301F-11D3-BF4B-00C04F79EFBC}") = "PhotonUnityNetworking.Demos", "PhotonUnityNetworking.Demos.csproj", "{26ed237a-75a9-9965-23be-d7a0de91e681}"
EndProject
Project("{FAE04EC0-301F-11D3-BF4B-00C04F79EFBC}") = "Assembly-CSharp", "Assembly-CSharp.csproj", "{7741fe86-d020-92a3-e1cb-dab6427051f4}"
EndProject
Project("{FAE04EC0-301F-11D3-BF4B-00C04F79EFBC}") = "PhotonUnityNetworking.Editor", "PhotonUnityNetworking.Editor.csproj", "{913693da-e101-d22a-6944-0b7c35d98bfc}"
EndProject
Project("{FAE04EC0-301F-11D3-BF4B-00C04F79EFBC}") = "PhotonUnityNetworking", "PhotonUnityNetworking.csproj", "{7d728d1b-4032-3dad-83f0-ecf38ad71477}"
EndProject
Project("{FAE04EC0-301F-11D3-BF4B-00C04F79EFBC}") = "PhotonRealtime", "PhotonRealtime.csproj", "{9ce66b02-eb4f-1a42-fd79-13aa19643372}"
EndProject
Project("{FAE04EC0-301F-11D3-BF4B-00C04F79EFBC}") = "PhotonUnityNetworking.Utilities.PhotonPlayer.Editor", "PhotonUnityNetworking.Utilities.PhotonPlayer.Editor.csproj", "{7ec57a61-4031-5bd8-7f4e-36c0fb1233c4}"
EndProject
Project("{FAE04EC0-301F-11D3-BF4B-00C04F79EFBC}") = "PhotonUnityNetworking.Utilities", "PhotonUnityNetworking.Utilities.csproj", "{a83bcc33-2e9a-3f44-e52d-3d38005ed704}"
EndProject
Project("{FAE04EC0-301F-11D3-BF4B-00C04F79EFBC}") = "PunDemos.DemoSlotcarEditor", "PunDemos.DemoSlotcarEditor.csproj", "{7798e1d6-c21d-e629-e527-323e998fac37}"
EndProject
Project("{FAE04EC0-301F-11D3-BF4B-00C04F79EFBC}") = "PhotonUnityNetworking.Utilities.Culling.Editor", "PhotonUnityNetworking.Utilities.Culling.Editor.csproj", "{e3504849-f45e-f805-2a1a-f6d91d2a3ba9}"
EndProject
Project("{FAE04EC0-301F-11D3-BF4B-00C04F79EFBC}") = "PunDemos.DemoHubEditor", "PunDemos.DemoHubEditor.csproj", "{53436151-6c5b-99a0-b20b-e07d7876841c}"
EndProject
Project("{FAE04EC0-301F-11D3-BF4B-00C04F79EFBC}") = "Assembly-CSharp-Editor", "Assembly-CSharp-Editor.csproj", "{49f12002-b0b5-9533-cef3-7901a274682f}"
EndProject
Global
	GlobalSection(SolutionConfigurationPlatforms) = preSolution
		Debug|Any CPU = Debug|Any CPU
	EndGlobalSection
	GlobalSection(ProjectConfigurationPlatforms) = postSolution
		{2ceb2fee-10d7-78cd-0efa-bebecb109450}.Debug|Any CPU.ActiveCfg = Debug|Any CPU
		{2ceb2fee-10d7-78cd-0efa-bebecb109450}.Debug|Any CPU.Build.0 = Debug|Any CPU
		{26ed237a-75a9-9965-23be-d7a0de91e681}.Debug|Any CPU.ActiveCfg = Debug|Any CPU
		{26ed237a-75a9-9965-23be-d7a0de91e681}.Debug|Any CPU.Build.0 = Debug|Any CPU
		{7741fe86-d020-92a3-e1cb-dab6427051f4}.Debug|Any CPU.ActiveCfg = Debug|Any CPU
		{7741fe86-d020-92a3-e1cb-dab6427051f4}.Debug|Any CPU.Build.0 = Debug|Any CPU
		{913693da-e101-d22a-6944-0b7c35d98bfc}.Debug|Any CPU.ActiveCfg = Debug|Any CPU
		{913693da-e101-d22a-6944-0b7c35d98bfc}.Debug|Any CPU.Build.0 = Debug|Any CPU
		{7d728d1b-4032-3dad-83f0-ecf38ad71477}.Debug|Any CPU.ActiveCfg = Debug|Any CPU
		{7d728d1b-4032-3dad-83f0-ecf38ad71477}.Debug|Any CPU.Build.0 = Debug|Any CPU
		{9ce66b02-eb4f-1a42-fd79-13aa19643372}.Debug|Any CPU.ActiveCfg = Debug|Any CPU
		{9ce66b02-eb4f-1a42-fd79-13aa19643372}.Debug|Any CPU.Build.0 = Debug|Any CPU
		{7ec57a61-4031-5bd8-7f4e-36c0fb1233c4}.Debug|Any CPU.ActiveCfg = Debug|Any CPU
		{7ec57a61-4031-5bd8-7f4e-36c0fb1233c4}.Debug|Any CPU.Build.0 = Debug|Any CPU
		{a83bcc33-2e9a-3f44-e52d-3d38005ed704}.Debug|Any CPU.ActiveCfg = Debug|Any CPU
		{a83bcc33-2e9a-3f44-e52d-3d38005ed704}.Debug|Any CPU.Build.0 = Debug|Any CPU
		{7798e1d6-c21d-e629-e527-323e998fac37}.Debug|Any CPU.ActiveCfg = Debug|Any CPU
		{7798e1d6-c21d-e629-e527-323e998fac37}.Debug|Any CPU.Build.0 = Debug|Any CPU
		{e3504849-f45e-f805-2a1a-f6d91d2a3ba9}.Debug|Any CPU.ActiveCfg = Debug|Any CPU
		{e3504849-f45e-f805-2a1a-f6d91d2a3ba9}.Debug|Any CPU.Build.0 = Debug|Any CPU
		{53436151-6c5b-99a0-b20b-e07d7876841c}.Debug|Any CPU.ActiveCfg = Debug|Any CPU
		{53436151-6c5b-99a0-b20b-e07d7876841c}.Debug|Any CPU.Build.0 = Debug|Any CPU
		{49f12002-b0b5-9533-cef3-7901a274682f}.Debug|Any CPU.ActiveCfg = Debug|Any CPU
		{49f12002-b0b5-9533-cef3-7901a274682f}.Debug|Any CPU.Build.0 = Debug|Any CPU
	EndGlobalSection
	GlobalSection(SolutionProperties) = preSolution
		HideSolutionNode = FALSE
	EndGlobalSection
EndGlobal
