
Microsoft Visual Studio Solution File, Format Version 12.00
# Visual Studio 15
Project("{FAE04EC0-301F-11D3-BF4B-00C04F79EFBC}") = "Unity.AI.Navigation.Samples", "Unity.AI.Navigation.Samples.csproj", "{D555F4F9-053C-2BE1-9158-6CC3625F7422}"
EndProject
Project("{FAE04EC0-301F-11D3-BF4B-00C04F79EFBC}") = "PhotonUnityNetworking.Demos", "PhotonUnityNetworking.Demos.csproj", "{7A23ED26-A975-6599-23BE-D7A0DE91E681}"
EndProject
Project("{FAE04EC0-301F-11D3-BF4B-00C04F79EFBC}") = "Assembly-CSharp", "Assembly-CSharp.csproj", "{86FE4177-20D0-A392-E1CB-DAB6427051F4}"
EndProject
Project("{FAE04EC0-301F-11D3-BF4B-00C04F79EFBC}") = "PhotonRealtime", "PhotonRealtime.csproj", "{026BE69C-4FEB-421A-FD79-13AA19643372}"
EndProject
Project("{FAE04EC0-301F-11D3-BF4B-00C04F79EFBC}") = "PhotonUnityNetworking.Editor", "PhotonUnityNetworking.Editor.csproj", "{DA933691-01E1-2AD2-6944-0B7C35D98BFC}"
EndProject
Project("{FAE04EC0-301F-11D3-BF4B-00C04F79EFBC}") = "PhotonUnityNetworking", "PhotonUnityNetworking.csproj", "{1B8D727D-3240-AD3D-83F0-ECF38AD71477}"
EndProject
Project("{FAE04EC0-301F-11D3-BF4B-00C04F79EFBC}") = "PhotonUnityNetworking.Utilities.PhotonPlayer.Editor", "PhotonUnityNetworking.Utilities.PhotonPlayer.Editor.csproj", "{617AC57E-3140-D85B-7F4E-36C0FB1233C4}"
EndProject
Project("{FAE04EC0-301F-11D3-BF4B-00C04F79EFBC}") = "Unity.AI.Navigation.Samples.Initialization.Editor", "Unity.AI.Navigation.Samples.Initialization.Editor.csproj", "{0990A562-9FD6-E979-D7C9-E88FE41698BD}"
EndProject
Project("{FAE04EC0-301F-11D3-BF4B-00C04F79EFBC}") = "PhotonUnityNetworking.Utilities", "PhotonUnityNetworking.Utilities.csproj", "{33CC3BA8-9A2E-443F-E52D-3D38005ED704}"
EndProject
Project("{FAE04EC0-301F-11D3-BF4B-00C04F79EFBC}") = "Assembly-CSharp-Editor", "Assembly-CSharp-Editor.csproj", "{0220F149-B5B0-3395-CEF3-7901A274682F}"
EndProject
Project("{FAE04EC0-301F-11D3-BF4B-00C04F79EFBC}") = "PunDemos.DemoSlotcarEditor", "PunDemos.DemoSlotcarEditor.csproj", "{D6E19877-1DC2-29E6-E527-323E998FAC37}"
EndProject
Project("{FAE04EC0-301F-11D3-BF4B-00C04F79EFBC}") = "PhotonUnityNetworking.Utilities.Culling.Editor", "PhotonUnityNetworking.Utilities.Culling.Editor.csproj", "{494850E3-5EF4-05F8-2A1A-F6D91D2A3BA9}"
EndProject
Project("{FAE04EC0-301F-11D3-BF4B-00C04F79EFBC}") = "PunDemos.DemoHubEditor", "PunDemos.DemoHubEditor.csproj", "{51614353-5B6C-A099-B20B-E07D7876841C}"
EndProject
Global
	GlobalSection(SolutionConfigurationPlatforms) = preSolution
		Debug|Any CPU = Debug|Any CPU
		Release|Any CPU = Release|Any CPU
	EndGlobalSection
	GlobalSection(ProjectConfigurationPlatforms) = postSolution
		{D555F4F9-053C-2BE1-9158-6CC3625F7422}.Debug|Any CPU.ActiveCfg = Debug|Any CPU
		{D555F4F9-053C-2BE1-9158-6CC3625F7422}.Debug|Any CPU.Build.0 = Debug|Any CPU
		{D555F4F9-053C-2BE1-9158-6CC3625F7422}.Release|Any CPU.ActiveCfg = Release|Any CPU
		{D555F4F9-053C-2BE1-9158-6CC3625F7422}.Release|Any CPU.Build.0 = Release|Any CPU
		{7A23ED26-A975-6599-23BE-D7A0DE91E681}.Debug|Any CPU.ActiveCfg = Debug|Any CPU
		{7A23ED26-A975-6599-23BE-D7A0DE91E681}.Debug|Any CPU.Build.0 = Debug|Any CPU
		{7A23ED26-A975-6599-23BE-D7A0DE91E681}.Release|Any CPU.ActiveCfg = Release|Any CPU
		{7A23ED26-A975-6599-23BE-D7A0DE91E681}.Release|Any CPU.Build.0 = Release|Any CPU
		{86FE4177-20D0-A392-E1CB-DAB6427051F4}.Debug|Any CPU.ActiveCfg = Debug|Any CPU
		{86FE4177-20D0-A392-E1CB-DAB6427051F4}.Debug|Any CPU.Build.0 = Debug|Any CPU
		{86FE4177-20D0-A392-E1CB-DAB6427051F4}.Release|Any CPU.ActiveCfg = Release|Any CPU
		{86FE4177-20D0-A392-E1CB-DAB6427051F4}.Release|Any CPU.Build.0 = Release|Any CPU
		{026BE69C-4FEB-421A-FD79-13AA19643372}.Debug|Any CPU.ActiveCfg = Debug|Any CPU
		{026BE69C-4FEB-421A-FD79-13AA19643372}.Debug|Any CPU.Build.0 = Debug|Any CPU
		{026BE69C-4FEB-421A-FD79-13AA19643372}.Release|Any CPU.ActiveCfg = Release|Any CPU
		{026BE69C-4FEB-421A-FD79-13AA19643372}.Release|Any CPU.Build.0 = Release|Any CPU
		{DA933691-01E1-2AD2-6944-0B7C35D98BFC}.Debug|Any CPU.ActiveCfg = Debug|Any CPU
		{DA933691-01E1-2AD2-6944-0B7C35D98BFC}.Debug|Any CPU.Build.0 = Debug|Any CPU
		{DA933691-01E1-2AD2-6944-0B7C35D98BFC}.Release|Any CPU.ActiveCfg = Release|Any CPU
		{DA933691-01E1-2AD2-6944-0B7C35D98BFC}.Release|Any CPU.Build.0 = Release|Any CPU
		{1B8D727D-3240-AD3D-83F0-ECF38AD71477}.Debug|Any CPU.ActiveCfg = Debug|Any CPU
		{1B8D727D-3240-AD3D-83F0-ECF38AD71477}.Debug|Any CPU.Build.0 = Debug|Any CPU
		{1B8D727D-3240-AD3D-83F0-ECF38AD71477}.Release|Any CPU.ActiveCfg = Release|Any CPU
		{1B8D727D-3240-AD3D-83F0-ECF38AD71477}.Release|Any CPU.Build.0 = Release|Any CPU
		{617AC57E-3140-D85B-7F4E-36C0FB1233C4}.Debug|Any CPU.ActiveCfg = Debug|Any CPU
		{617AC57E-3140-D85B-7F4E-36C0FB1233C4}.Debug|Any CPU.Build.0 = Debug|Any CPU
		{617AC57E-3140-D85B-7F4E-36C0FB1233C4}.Release|Any CPU.ActiveCfg = Release|Any CPU
		{617AC57E-3140-D85B-7F4E-36C0FB1233C4}.Release|Any CPU.Build.0 = Release|Any CPU
		{0990A562-9FD6-E979-D7C9-E88FE41698BD}.Debug|Any CPU.ActiveCfg = Debug|Any CPU
		{0990A562-9FD6-E979-D7C9-E88FE41698BD}.Debug|Any CPU.Build.0 = Debug|Any CPU
		{0990A562-9FD6-E979-D7C9-E88FE41698BD}.Release|Any CPU.ActiveCfg = Release|Any CPU
		{0990A562-9FD6-E979-D7C9-E88FE41698BD}.Release|Any CPU.Build.0 = Release|Any CPU
		{33CC3BA8-9A2E-443F-E52D-3D38005ED704}.Debug|Any CPU.ActiveCfg = Debug|Any CPU
		{33CC3BA8-9A2E-443F-E52D-3D38005ED704}.Debug|Any CPU.Build.0 = Debug|Any CPU
		{33CC3BA8-9A2E-443F-E52D-3D38005ED704}.Release|Any CPU.ActiveCfg = Release|Any CPU
		{33CC3BA8-9A2E-443F-E52D-3D38005ED704}.Release|Any CPU.Build.0 = Release|Any CPU
		{0220F149-B5B0-3395-CEF3-7901A274682F}.Debug|Any CPU.ActiveCfg = Debug|Any CPU
		{0220F149-B5B0-3395-CEF3-7901A274682F}.Debug|Any CPU.Build.0 = Debug|Any CPU
		{0220F149-B5B0-3395-CEF3-7901A274682F}.Release|Any CPU.ActiveCfg = Release|Any CPU
		{0220F149-B5B0-3395-CEF3-7901A274682F}.Release|Any CPU.Build.0 = Release|Any CPU
		{D6E19877-1DC2-29E6-E527-323E998FAC37}.Debug|Any CPU.ActiveCfg = Debug|Any CPU
		{D6E19877-1DC2-29E6-E527-323E998FAC37}.Debug|Any CPU.Build.0 = Debug|Any CPU
		{D6E19877-1DC2-29E6-E527-323E998FAC37}.Release|Any CPU.ActiveCfg = Release|Any CPU
		{D6E19877-1DC2-29E6-E527-323E998FAC37}.Release|Any CPU.Build.0 = Release|Any CPU
		{494850E3-5EF4-05F8-2A1A-F6D91D2A3BA9}.Debug|Any CPU.ActiveCfg = Debug|Any CPU
		{494850E3-5EF4-05F8-2A1A-F6D91D2A3BA9}.Debug|Any CPU.Build.0 = Debug|Any CPU
		{494850E3-5EF4-05F8-2A1A-F6D91D2A3BA9}.Release|Any CPU.ActiveCfg = Release|Any CPU
		{494850E3-5EF4-05F8-2A1A-F6D91D2A3BA9}.Release|Any CPU.Build.0 = Release|Any CPU
		{51614353-5B6C-A099-B20B-E07D7876841C}.Debug|Any CPU.ActiveCfg = Debug|Any CPU
		{51614353-5B6C-A099-B20B-E07D7876841C}.Debug|Any CPU.Build.0 = Debug|Any CPU
		{51614353-5B6C-A099-B20B-E07D7876841C}.Release|Any CPU.ActiveCfg = Release|Any CPU
		{51614353-5B6C-A099-B20B-E07D7876841C}.Release|Any CPU.Build.0 = Release|Any CPU
	EndGlobalSection
	GlobalSection(SolutionProperties) = preSolution
		HideSolutionNode = FALSE
	EndGlobalSection
EndGlobal
